# This file is @generated by PDM.
# It is not intended for manual editing.

[metadata]
groups = ["default", "dev"]
strategy = ["inherit_metadata"]
lock_version = "4.5.0"
content_hash = "sha256:d4efa151acf7700395a66b428c6d6a473ed8262f2e16c2ee637895293e47c79b"

[[metadata.targets]]
requires_python = ">=3.11,<3.13"

[[package]]
name = "absl-py"
version = "2.3.1"
requires_python = ">=3.8"
summary = "Abseil Python Common Libraries, see https://github.com/abseil/abseil-py."
groups = ["default"]
files = [
    {file = "absl_py-2.3.1-py3-none-any.whl", hash = "sha256:eeecf07f0c2a93ace0772c92e596ace6d3d3996c042b2128459aaae2a76de11d"},
    {file = "absl_py-2.3.1.tar.gz", hash = "sha256:a97820526f7fbfd2ec1bce83f3f25e3a14840dac0d8e02a0b71cd75db3f77fc9"},
]

[[package]]
name = "attrs"
version = "25.3.0"
requires_python = ">=3.8"
summary = "Classes Without Boilerplate"
groups = ["default"]
files = [
    {file = "attrs-25.3.0-py3-none-any.whl", hash = "sha256:427318ce031701fea540783410126f03899a97ffc6f61596ad581ac2e40e3bc3"},
    {file = "attrs-25.3.0.tar.gz", hash = "sha256:75d7cefc7fb576747b2c81b4442d4d4a1ce0900973527c011d1030fd3bf4af1b"},
]

[[package]]
name = "benchmark-mi"
version = "0.1.3"
requires_python = "<3.13,>=3.9"
summary = "Estimators of mutual information and distributions used to benchmark them."
groups = ["default"]
dependencies = [
    "equinox<0.11.0,>=0.10.2",
    "jax<0.5.0,>=0.4.8",
    "jaxlib<0.5.0,>=0.4.7",
    "numpy<2.0.0,>=1.24.2",
    "optax<0.2.0,>=0.1.4",
    "pandas<2.10.0,>=1.5.3",
    "pydantic<2.0.0,>=1.10.7",
    "pyyaml<7.0,>=6.0",
    "scikit-learn<2.0.0,>=1.2.2",
    "scipy<2.0.0,>=1.10.1",
    "tensorflow-probability[jax]<0.21.0,>=0.20.1",
    "tqdm<5.0.0,>=4.64.1",
]
files = [
    {file = "benchmark_mi-0.1.3-py3-none-any.whl", hash = "sha256:0d03f14fcaadff51b985ca4fe58d574a8340c7956619c445e5dbc89be0d2b1fa"},
    {file = "benchmark_mi-0.1.3.tar.gz", hash = "sha256:f8f9b46c631c56c15c1139e300fa39c1b90b8643a4e2877fedcce98886386e4d"},
]

[[package]]
name = "chex"
version = "0.1.86"
requires_python = ">=3.9"
summary = "Chex: Testing made fun, in JAX!"
groups = ["default"]
dependencies = [
    "absl-py>=0.9.0",
    "jax>=0.4.16",
    "jaxlib>=0.1.37",
    "numpy>=1.24.1",
    "setuptools; python_version >= \"3.12\"",
    "toolz>=0.9.0",
    "typing-extensions>=4.2.0",
]
files = [
    {file = "chex-0.1.86-py3-none-any.whl", hash = "sha256:251c20821092323a3d9c28e1cf80e4a58180978bec368f531949bd9847eee568"},
    {file = "chex-0.1.86.tar.gz", hash = "sha256:e8b0f96330eba4144659e1617c0f7a57b161e8cbb021e55c6d5056c7378091d1"},
]

[[package]]
name = "cloudpickle"
version = "3.1.1"
requires_python = ">=3.8"
summary = "Pickler class to extend the standard pickle.Pickler functionality"
groups = ["default"]
files = [
    {file = "cloudpickle-3.1.1-py3-none-any.whl", hash = "sha256:c8c5a44295039331ee9dad40ba100a9c7297b6f988e50e87ccdf3765a668350e"},
    {file = "cloudpickle-3.1.1.tar.gz", hash = "sha256:b216fa8ae4019d5482a8ac3c95d8f6346115d8835911fd4aefd1a445e4242c64"},
]

[[package]]
name = "colorama"
version = "0.4.6"
requires_python = "!=3.0.*,!=3.1.*,!=3.2.*,!=3.3.*,!=3.4.*,!=3.5.*,!=3.6.*,>=2.7"
summary = "Cross-platform colored terminal text."
groups = ["default"]
marker = "platform_system == \"Windows\""
files = [
    {file = "colorama-0.4.6-py2.py3-none-any.whl", hash = "sha256:4f1d9991f5acc0ca119f9d443620b77f9d6b33703e51011c16baf57afb285fc6"},
    {file = "colorama-0.4.6.tar.gz", hash = "sha256:08695f5cb7ed6e0531a20572697297273c47b8cae5a63ffc6d6ed5c201be6e44"},
]

[[package]]
name = "decorator"
version = "5.2.1"
requires_python = ">=3.8"
summary = "Decorators for Humans"
groups = ["default"]
files = [
    {file = "decorator-5.2.1-py3-none-any.whl", hash = "sha256:d316bb415a2d9e2d2b3abcc4084c6502fc09240e292cd76a76afc106a1c8e04a"},
    {file = "decorator-5.2.1.tar.gz", hash = "sha256:65f266143752f734b0a7cc83c46f4618af75b8c5911b00ccb61d0ac9b6da0360"},
]

[[package]]
name = "dm-tree"
version = "0.1.9"
requires_python = ">=3.10"
summary = "Tree is a library for working with nested data structures."
groups = ["default"]
dependencies = [
    "absl-py>=0.6.1",
    "attrs>=18.2.0",
    "numpy>=1.21",
    "numpy>=1.21.2; python_version >= \"3.10\"",
    "numpy>=1.23.3; python_version >= \"3.11\"",
    "numpy>=1.26.0; python_version >= \"3.12\"",
    "numpy>=2.1.0; python_version >= \"3.13\"",
    "wrapt>=1.11.2",
]
files = [
    {file = "dm_tree-0.1.9-cp311-cp311-macosx_10_9_universal2.whl", hash = "sha256:7d7d784afaeb4b67d87d858261aaf02503939ddc1f09c4cca70728f9892ab004"},
    {file = "dm_tree-0.1.9-cp311-cp311-manylinux_2_17_aarch64.manylinux2014_aarch64.whl", hash = "sha256:e660d1779ddcbd1348410d08f67db4870d413a3ec4ba8b4b045bd5ce4bd8f35c"},
    {file = "dm_tree-0.1.9-cp311-cp311-manylinux_2_17_x86_64.manylinux2014_x86_64.whl", hash = "sha256:294dc1cecf87552a45cdd5ddb215e7f5295a5a47c46f1f0a0463c3dd02a527d7"},
    {file = "dm_tree-0.1.9-cp311-cp311-win_amd64.whl", hash = "sha256:12f4cc6cd52a39aa38ff31577b6d79b6136a9a89273a876bf62335c9f65c27bf"},
    {file = "dm_tree-0.1.9-cp312-cp312-macosx_10_13_universal2.whl", hash = "sha256:a8d20eeab7fde77a3ed71f07716021eb0edfb4812a128eb381d108af3a310257"},
    {file = "dm_tree-0.1.9-cp312-cp312-manylinux_2_17_aarch64.manylinux2014_aarch64.whl", hash = "sha256:80c43417814b1181d3367b335460bfdd30b79ee187a64220e11f6ddd093a4b15"},
    {file = "dm_tree-0.1.9-cp312-cp312-manylinux_2_17_x86_64.manylinux2014_x86_64.whl", hash = "sha256:2334cfe9d2ed4293f9f1c7aefba0657deaab9ea74b5fadd966f6d01d9b6b42d9"},
    {file = "dm_tree-0.1.9-cp312-cp312-win_amd64.whl", hash = "sha256:9020a5ce256fcc83aa4bc190cc96dd66e87685db0a6e501b0c06aa492c2e38fc"},
    {file = "dm_tree-0.1.9.tar.gz", hash = "sha256:a4c7db3d3935a5a2d5e4b383fc26c6b0cd6f78c6d4605d3e7b518800ecd5342b"},
]

[[package]]
name = "equinox"
version = "0.10.11"
requires_python = "~=3.9"
summary = "Elegant easy-to-use neural networks in JAX."
groups = ["default"]
dependencies = [
    "jax>=0.4.13",
    "jaxtyping>=0.2.20",
    "typing-extensions>=4.5.0",
]
files = [
    {file = "equinox-0.10.11-py3-none-any.whl", hash = "sha256:fd64fb6963e4ad648c4d6ba4bac600d04a4f170502ca653040b9a1c980db43c9"},
    {file = "equinox-0.10.11.tar.gz", hash = "sha256:2d0e6f220bcd86d687fd9eb8c90fa26cee422363789b6d57f5213e7881113611"},
]

[[package]]
name = "gast"
version = "0.6.0"
requires_python = "!=3.0.*,!=3.1.*,!=3.2.*,!=3.3.*,>=2.7"
summary = "Python AST that abstracts the underlying Python version"
groups = ["default"]
files = [
    {file = "gast-0.6.0-py3-none-any.whl", hash = "sha256:52b182313f7330389f72b069ba00f174cfe2a06411099547288839c6cbafbd54"},
    {file = "gast-0.6.0.tar.gz", hash = "sha256:88fc5300d32c7ac6ca7b515310862f71e6fdf2c029bbec7c66c0f5dd47b6b1fb"},
]

[[package]]
name = "jax"
version = "0.4.23"
requires_python = ">=3.9"
summary = "Differentiate, compile, and transform Numpy code."
groups = ["default"]
dependencies = [
    "importlib-metadata>=4.6; python_version < \"3.10\"",
    "ml-dtypes>=0.2.0",
    "numpy>=1.22",
    "numpy>=1.23.2; python_version >= \"3.11\"",
    "numpy>=1.26.0; python_version >= \"3.12\"",
    "opt-einsum",
    "scipy>=1.11.1; python_version >= \"3.12\"",
    "scipy>=1.9",
]
files = [
    {file = "jax-0.4.23-py3-none-any.whl", hash = "sha256:a7a07ccd1577111e3b82378c79a8ed0f9d6613b1e98fb6bf3c0b459198f73eaa"},
    {file = "jax-0.4.23.tar.gz", hash = "sha256:2a229a5a758d1b803891b2eaed329723f6b15b4258b14dc0ccb1498c84963685"},
]

[[package]]
name = "jaxlib"
version = "0.4.23"
requires_python = ">=3.9"
summary = "XLA library for JAX"
groups = ["default"]
dependencies = [
    "ml-dtypes>=0.2.0",
    "numpy>=1.22",
    "scipy>=1.11.1; python_version >= \"3.12\"",
    "scipy>=1.9",
]
files = [
    {file = "jaxlib-0.4.23-cp311-cp311-macosx_10_14_x86_64.whl", hash = "sha256:8e12d7e29b3e12d535b24bbbdb6bf9d66cf64926a6a38fdd91d4565f7cc57111"},
    {file = "jaxlib-0.4.23-cp311-cp311-macosx_11_0_arm64.whl", hash = "sha256:d646ff9bc0ce0ebb573b676b21fa6db422c2ef6a0d56ccc00db483b29965415b"},
    {file = "jaxlib-0.4.23-cp311-cp311-manylinux2014_aarch64.whl", hash = "sha256:22fb2c2b76276d396ddb1edfe41c6d943216f04fa8c00638b16d6c56cad403b8"},
    {file = "jaxlib-0.4.23-cp311-cp311-manylinux2014_x86_64.whl", hash = "sha256:984766d309b21ca83846503babdfded4e3aef817c670f281092bcbc177c58492"},
    {file = "jaxlib-0.4.23-cp311-cp311-win_amd64.whl", hash = "sha256:99c345b9e58c158e5fe6c621084aa1fdf7eb9eb9172c27729918d20272124ea8"},
    {file = "jaxlib-0.4.23-cp312-cp312-macosx_10_14_x86_64.whl", hash = "sha256:505104fe6062b443955288a38547e9872cb6e107d63d9f8540fb10d1c8d8efd0"},
    {file = "jaxlib-0.4.23-cp312-cp312-macosx_11_0_arm64.whl", hash = "sha256:278cda29cc7473406093bc3f9fa925a8396063d22a4cd20d7e0ea0d37dcb5039"},
    {file = "jaxlib-0.4.23-cp312-cp312-manylinux2014_aarch64.whl", hash = "sha256:b33bc2f8a2163801941d4316fad095778fe32f5519d8d146e6e4504e6a82fe7d"},
    {file = "jaxlib-0.4.23-cp312-cp312-manylinux2014_x86_64.whl", hash = "sha256:a229a2b90a2980dd682a16c373b4ac4493e703a262108f5489e8a4591daaa559"},
    {file = "jaxlib-0.4.23-cp312-cp312-win_amd64.whl", hash = "sha256:ce7dd9295ccdac6a4739b4a344caa1ea2e555e686216b74313ec7562b00695f0"},
]

[[package]]
name = "jaxtyping"
version = "0.3.2"
requires_python = ">=3.10"
summary = "Type annotations and runtime checking for shape and dtype of JAX/NumPy/PyTorch/etc. arrays."
groups = ["default"]
dependencies = [
    "wadler-lindig>=0.1.3",
]
files = [
    {file = "jaxtyping-0.3.2-py3-none-any.whl", hash = "sha256:6a020fd276226ddb5ac4f5725323843dd65e3c7e85c64fd62431e5f738c74e04"},
    {file = "jaxtyping-0.3.2.tar.gz", hash = "sha256:f30483fac4b42e915db8ad2414a85c3b63284aa7d3c100b96b59f755cf4a86ad"},
]

[[package]]
name = "joblib"
version = "1.5.1"
requires_python = ">=3.9"
summary = "Lightweight pipelining with Python functions"
groups = ["default"]
files = [
    {file = "joblib-1.5.1-py3-none-any.whl", hash = "sha256:4719a31f054c7d766948dcd83e9613686b27114f190f717cec7eaa2084f8a74a"},
    {file = "joblib-1.5.1.tar.gz", hash = "sha256:f4f86e351f39fe3d0d32a9f2c3d8af1ee4cec285aafcb27003dda5205576b444"},
]

[[package]]
name = "ml-dtypes"
version = "0.5.3"
requires_python = ">=3.9"
summary = "ml_dtypes is a stand-alone implementation of several NumPy dtype extensions used in machine learning."
groups = ["default"]
dependencies = [
    "numpy>=1.21",
    "numpy>=1.21.2; python_version >= \"3.10\"",
    "numpy>=1.23.3; python_version >= \"3.11\"",
    "numpy>=1.26.0; python_version >= \"3.12\"",
    "numpy>=2.1.0; python_version >= \"3.13\"",
]
files = [
    {file = "ml_dtypes-0.5.3-cp311-cp311-macosx_10_9_universal2.whl", hash = "sha256:4a177b882667c69422402df6ed5c3428ce07ac2c1f844d8a1314944651439458"},
    {file = "ml_dtypes-0.5.3-cp311-cp311-manylinux_2_27_aarch64.manylinux_2_28_aarch64.whl", hash = "sha256:9849ce7267444c0a717c80c6900997de4f36e2815ce34ac560a3edb2d9a64cd2"},
    {file = "ml_dtypes-0.5.3-cp311-cp311-manylinux_2_27_x86_64.manylinux_2_28_x86_64.whl", hash = "sha256:c3f5ae0309d9f888fd825c2e9d0241102fadaca81d888f26f845bc8c13c1e4ee"},
    {file = "ml_dtypes-0.5.3-cp311-cp311-win_amd64.whl", hash = "sha256:58e39349d820b5702bb6f94ea0cb2dc8ec62ee81c0267d9622067d8333596a46"},
    {file = "ml_dtypes-0.5.3-cp311-cp311-win_arm64.whl", hash = "sha256:66c2756ae6cfd7f5224e355c893cfd617fa2f747b8bbd8996152cbdebad9a184"},
    {file = "ml_dtypes-0.5.3-cp312-cp312-macosx_10_13_universal2.whl", hash = "sha256:156418abeeda48ea4797db6776db3c5bdab9ac7be197c1233771e0880c304057"},
    {file = "ml_dtypes-0.5.3-cp312-cp312-manylinux_2_27_aarch64.manylinux_2_28_aarch64.whl", hash = "sha256:1db60c154989af253f6c4a34e8a540c2c9dce4d770784d426945e09908fbb177"},
    {file = "ml_dtypes-0.5.3-cp312-cp312-manylinux_2_27_x86_64.manylinux_2_28_x86_64.whl", hash = "sha256:1b255acada256d1fa8c35ed07b5f6d18bc21d1556f842fbc2d5718aea2cd9e55"},
    {file = "ml_dtypes-0.5.3-cp312-cp312-win_amd64.whl", hash = "sha256:da65e5fd3eea434ccb8984c3624bc234ddcc0d9f4c81864af611aaebcc08a50e"},
    {file = "ml_dtypes-0.5.3-cp312-cp312-win_arm64.whl", hash = "sha256:8bb9cd1ce63096567f5f42851f5843b5a0ea11511e50039a7649619abfb4ba6d"},
    {file = "ml_dtypes-0.5.3.tar.gz", hash = "sha256:95ce33057ba4d05df50b1f3cfefab22e351868a843b3b15a46c65836283670c9"},
]

[[package]]
name = "numpy"
version = "1.26.4"
requires_python = ">=3.9"
summary = "Fundamental package for array computing in Python"
groups = ["default"]
files = [
    {file = "numpy-1.26.4-cp311-cp311-macosx_10_9_x86_64.whl", hash = "sha256:4c66707fabe114439db9068ee468c26bbdf909cac0fb58686a42a24de1760c71"},
    {file = "numpy-1.26.4-cp311-cp311-macosx_11_0_arm64.whl", hash = "sha256:edd8b5fe47dab091176d21bb6de568acdd906d1887a4584a15a9a96a1dca06ef"},
    {file = "numpy-1.26.4-cp311-cp311-manylinux_2_17_aarch64.manylinux2014_aarch64.whl", hash = "sha256:7ab55401287bfec946ced39700c053796e7cc0e3acbef09993a9ad2adba6ca6e"},
    {file = "numpy-1.26.4-cp311-cp311-manylinux_2_17_x86_64.manylinux2014_x86_64.whl", hash = "sha256:666dbfb6ec68962c033a450943ded891bed2d54e6755e35e5835d63f4f6931d5"},
    {file = "numpy-1.26.4-cp311-cp311-musllinux_1_1_aarch64.whl", hash = "sha256:96ff0b2ad353d8f990b63294c8986f1ec3cb19d749234014f4e7eb0112ceba5a"},
    {file = "numpy-1.26.4-cp311-cp311-musllinux_1_1_x86_64.whl", hash = "sha256:60dedbb91afcbfdc9bc0b1f3f402804070deed7392c23eb7a7f07fa857868e8a"},
    {file = "numpy-1.26.4-cp311-cp311-win32.whl", hash = "sha256:1af303d6b2210eb850fcf03064d364652b7120803a0b872f5211f5234b399f20"},
    {file = "numpy-1.26.4-cp311-cp311-win_amd64.whl", hash = "sha256:cd25bcecc4974d09257ffcd1f098ee778f7834c3ad767fe5db785be9a4aa9cb2"},
    {file = "numpy-1.26.4-cp312-cp312-macosx_10_9_x86_64.whl", hash = "sha256:b3ce300f3644fb06443ee2222c2201dd3a89ea6040541412b8fa189341847218"},
    {file = "numpy-1.26.4-cp312-cp312-macosx_11_0_arm64.whl", hash = "sha256:03a8c78d01d9781b28a6989f6fa1bb2c4f2d51201cf99d3dd875df6fbd96b23b"},
    {file = "numpy-1.26.4-cp312-cp312-manylinux_2_17_aarch64.manylinux2014_aarch64.whl", hash = "sha256:9fad7dcb1aac3c7f0584a5a8133e3a43eeb2fe127f47e3632d43d677c66c102b"},
    {file = "numpy-1.26.4-cp312-cp312-manylinux_2_17_x86_64.manylinux2014_x86_64.whl", hash = "sha256:675d61ffbfa78604709862923189bad94014bef562cc35cf61d3a07bba02a7ed"},
    {file = "numpy-1.26.4-cp312-cp312-musllinux_1_1_aarch64.whl", hash = "sha256:ab47dbe5cc8210f55aa58e4805fe224dac469cde56b9f731a4c098b91917159a"},
    {file = "numpy-1.26.4-cp312-cp312-musllinux_1_1_x86_64.whl", hash = "sha256:1dda2e7b4ec9dd512f84935c5f126c8bd8b9f2fc001e9f54af255e8c5f16b0e0"},
    {file = "numpy-1.26.4-cp312-cp312-win32.whl", hash = "sha256:50193e430acfc1346175fcbdaa28ffec49947a06918b7b92130744e81e640110"},
    {file = "numpy-1.26.4-cp312-cp312-win_amd64.whl", hash = "sha256:08beddf13648eb95f8d867350f6a018a4be2e5ad54c8d8caed89ebca558b2818"},
    {file = "numpy-1.26.4.tar.gz", hash = "sha256:2a02aba9ed12e4ac4eb3ea9421c420301a0c6460d9830d74a9df87efa4912010"},
]

[[package]]
name = "opt-einsum"
version = "3.4.0"
requires_python = ">=3.8"
summary = "Path optimization of einsum functions."
groups = ["default"]
files = [
    {file = "opt_einsum-3.4.0-py3-none-any.whl", hash = "sha256:69bb92469f86a1565195ece4ac0323943e83477171b91d24c35afe028a90d7cd"},
    {file = "opt_einsum-3.4.0.tar.gz", hash = "sha256:96ca72f1b886d148241348783498194c577fa30a8faac108586b14f1ba4473ac"},
]

[[package]]
name = "optax"
version = "0.1.9"
requires_python = ">=3.9"
summary = "A gradient processing and optimisation library in JAX."
groups = ["default"]
dependencies = [
    "absl-py>=0.7.1",
    "chex>=0.1.7",
    "jax>=0.1.55",
    "jaxlib>=0.1.37",
    "numpy>=1.18.0",
]
files = [
    {file = "optax-0.1.9-py3-none-any.whl", hash = "sha256:3cbcfac6e70dff9484cd7560dc92e43a50df1eac0d4af2a1f7c2e1fd116bf972"},
    {file = "optax-0.1.9.tar.gz", hash = "sha256:731f43e8b404f50a5ef025b1261894d7d0300f7ad9cb688ea08f67b40822e94f"},
]

[[package]]
name = "pandas"
version = "2.3.2"
requires_python = ">=3.9"
summary = "Powerful data structures for data analysis, time series, and statistics"
groups = ["default"]
dependencies = [
    "numpy>=1.22.4; python_version < \"3.11\"",
    "numpy>=1.23.2; python_version == \"3.11\"",
    "numpy>=1.26.0; python_version >= \"3.12\"",
    "python-dateutil>=2.8.2",
    "pytz>=2020.1",
    "tzdata>=2022.7",
]
files = [
    {file = "pandas-2.3.2-cp311-cp311-macosx_10_9_x86_64.whl", hash = "sha256:1333e9c299adcbb68ee89a9bb568fc3f20f9cbb419f1dd5225071e6cddb2a743"},
    {file = "pandas-2.3.2-cp311-cp311-macosx_11_0_arm64.whl", hash = "sha256:76972bcbd7de8e91ad5f0ca884a9f2c477a2125354af624e022c49e5bd0dfff4"},
    {file = "pandas-2.3.2-cp311-cp311-manylinux_2_17_aarch64.manylinux2014_aarch64.whl", hash = "sha256:b98bdd7c456a05eef7cd21fd6b29e3ca243591fe531c62be94a2cc987efb5ac2"},
    {file = "pandas-2.3.2-cp311-cp311-manylinux_2_17_x86_64.manylinux2014_x86_64.whl", hash = "sha256:1d81573b3f7db40d020983f78721e9bfc425f411e616ef019a10ebf597aedb2e"},
    {file = "pandas-2.3.2-cp311-cp311-musllinux_1_2_aarch64.whl", hash = "sha256:e190b738675a73b581736cc8ec71ae113d6c3768d0bd18bffa5b9a0927b0b6ea"},
    {file = "pandas-2.3.2-cp311-cp311-musllinux_1_2_x86_64.whl", hash = "sha256:c253828cb08f47488d60f43c5fc95114c771bbfff085da54bfc79cb4f9e3a372"},
    {file = "pandas-2.3.2-cp311-cp311-win_amd64.whl", hash = "sha256:9467697b8083f9667b212633ad6aa4ab32436dcbaf4cd57325debb0ddef2012f"},
    {file = "pandas-2.3.2-cp312-cp312-macosx_10_13_x86_64.whl", hash = "sha256:3fbb977f802156e7a3f829e9d1d5398f6192375a3e2d1a9ee0803e35fe70a2b9"},
    {file = "pandas-2.3.2-cp312-cp312-macosx_11_0_arm64.whl", hash = "sha256:1b9b52693123dd234b7c985c68b709b0b009f4521000d0525f2b95c22f15944b"},
    {file = "pandas-2.3.2-cp312-cp312-manylinux_2_17_aarch64.manylinux2014_aarch64.whl", hash = "sha256:0bd281310d4f412733f319a5bc552f86d62cddc5f51d2e392c8787335c994175"},
    {file = "pandas-2.3.2-cp312-cp312-manylinux_2_17_x86_64.manylinux2014_x86_64.whl", hash = "sha256:96d31a6b4354e3b9b8a2c848af75d31da390657e3ac6f30c05c82068b9ed79b9"},
    {file = "pandas-2.3.2-cp312-cp312-musllinux_1_2_aarch64.whl", hash = "sha256:df4df0b9d02bb873a106971bb85d448378ef14b86ba96f035f50bbd3688456b4"},
    {file = "pandas-2.3.2-cp312-cp312-musllinux_1_2_x86_64.whl", hash = "sha256:213a5adf93d020b74327cb2c1b842884dbdd37f895f42dcc2f09d451d949f811"},
    {file = "pandas-2.3.2-cp312-cp312-win_amd64.whl", hash = "sha256:8c13b81a9347eb8c7548f53fd9a4f08d4dfe996836543f805c987bafa03317ae"},
    {file = "pandas-2.3.2.tar.gz", hash = "sha256:ab7b58f8f82706890924ccdfb5f48002b83d2b5a3845976a9fb705d36c34dcdb"},
]

[[package]]
name = "pydantic"
version = "1.10.23"
requires_python = ">=3.7"
summary = "Data validation and settings management using python type hints"
groups = ["default"]
dependencies = [
    "typing-extensions>=4.2.0",
]
files = [
    {file = "pydantic-1.10.23-cp311-cp311-macosx_10_9_x86_64.whl", hash = "sha256:b2e9d81546af42331248bbffde26a441631c8823515ebf328ee2ec04d771cd73"},
    {file = "pydantic-1.10.23-cp311-cp311-macosx_11_0_arm64.whl", hash = "sha256:7e13f39ce65232a2826d1c32a9e2c6f9ca5451d6e51c6e5ea9fdebc285fc2980"},
    {file = "pydantic-1.10.23-cp311-cp311-manylinux_2_17_x86_64.manylinux2014_x86_64.whl", hash = "sha256:041308bdb4804f0b387b02f870ebdf4e86020de344a969020de853f5ea8d5508"},
    {file = "pydantic-1.10.23-cp311-cp311-manylinux_2_5_i686.manylinux1_i686.manylinux_2_17_i686.manylinux2014_i686.whl", hash = "sha256:ed01648e2a469e2c35984bab9ff5080648c53af3b8b98312e1d7823eacd33d77"},
    {file = "pydantic-1.10.23-cp311-cp311-musllinux_1_2_i686.whl", hash = "sha256:18056741c9febebeb043798414099ada8d8e74cc47ec2059d7fbdc7d091d0e7b"},
    {file = "pydantic-1.10.23-cp311-cp311-musllinux_1_2_x86_64.whl", hash = "sha256:7411a18deef02a6b7825edb3930b9ab0251f7b131ebb1cb1ffe0aadf74d60c6d"},
    {file = "pydantic-1.10.23-cp311-cp311-win_amd64.whl", hash = "sha256:890213289bf40481a715b1d8b3e8a602af9e481d9f0e0b2b00dc375a12b0cfbb"},
    {file = "pydantic-1.10.23-cp312-cp312-macosx_10_13_x86_64.whl", hash = "sha256:136b6428b644691d0ee2a3a7de395d0d1b01ce6388b747bd371bb9ca65b4cc32"},
    {file = "pydantic-1.10.23-cp312-cp312-macosx_11_0_arm64.whl", hash = "sha256:b47c210416606b7c8e236c7546647500856eaba0d01564d5cddacb30d1b5daec"},
    {file = "pydantic-1.10.23-cp312-cp312-manylinux_2_17_x86_64.manylinux2014_x86_64.whl", hash = "sha256:6c9c436e12d81b7c3d3208f66a5d35b401c8ec25fafc9bff446c77f1072ed5f5"},
    {file = "pydantic-1.10.23-cp312-cp312-manylinux_2_5_i686.manylinux1_i686.manylinux_2_17_i686.manylinux2014_i686.whl", hash = "sha256:edba6ac9bd6040daf3e876c284257624171884011e0729d90b90f5fe11f7217d"},
    {file = "pydantic-1.10.23-cp312-cp312-musllinux_1_2_i686.whl", hash = "sha256:101ae7dcd77c23003d4766bcf23e08cd3d012173379ad549bdb2c898855b2a57"},
    {file = "pydantic-1.10.23-cp312-cp312-musllinux_1_2_x86_64.whl", hash = "sha256:9b05416d8dcf36fd291348bba8f565d015fce4c594577d2ef5bc0c5ec8f54a29"},
    {file = "pydantic-1.10.23-cp312-cp312-win_amd64.whl", hash = "sha256:0f309b3dd80ed4d3487b1219c69dfd9036e51a863aeaa41a3b67497b81c4cb8f"},
    {file = "pydantic-1.10.23-py3-none-any.whl", hash = "sha256:6294bb84565c294a3a6408c52b26a42803f258d5ebfdb3ae896cd7cccfa07211"},
    {file = "pydantic-1.10.23.tar.gz", hash = "sha256:81ee80fe4bd69236aeb65c8beeb5150655b8a49b946fce6664a720d6cf5ec717"},
]

[[package]]
name = "python-dateutil"
version = "2.9.0.post0"
requires_python = "!=3.0.*,!=3.1.*,!=3.2.*,>=2.7"
summary = "Extensions to the standard Python datetime module"
groups = ["default"]
dependencies = [
    "six>=1.5",
]
files = [
    {file = "python-dateutil-2.9.0.post0.tar.gz", hash = "sha256:37dd54208da7e1cd875388217d5e00ebd4179249f90fb72437e91a35459a0ad3"},
    {file = "python_dateutil-2.9.0.post0-py2.py3-none-any.whl", hash = "sha256:a8b2bc7bffae282281c8140a97d3aa9c14da0b136dfe83f850eea9a5f7470427"},
]

[[package]]
name = "pytz"
version = "2025.2"
summary = "World timezone definitions, modern and historical"
groups = ["default"]
files = [
    {file = "pytz-2025.2-py2.py3-none-any.whl", hash = "sha256:5ddf76296dd8c44c26eb8f4b6f35488f3ccbf6fbbd7adee0b7262d43f0ec2f00"},
    {file = "pytz-2025.2.tar.gz", hash = "sha256:360b9e3dbb49a209c21ad61809c7fb453643e048b38924c765813546746e81c3"},
]

[[package]]
name = "pyyaml"
version = "6.0.2"
requires_python = ">=3.8"
summary = "YAML parser and emitter for Python"
groups = ["default"]
files = [
    {file = "PyYAML-6.0.2-cp311-cp311-macosx_10_9_x86_64.whl", hash = "sha256:cc1c1159b3d456576af7a3e4d1ba7e6924cb39de8f67111c735f6fc832082774"},
    {file = "PyYAML-6.0.2-cp311-cp311-macosx_11_0_arm64.whl", hash = "sha256:1e2120ef853f59c7419231f3bf4e7021f1b936f6ebd222406c3b60212205d2ee"},
    {file = "PyYAML-6.0.2-cp311-cp311-manylinux_2_17_aarch64.manylinux2014_aarch64.whl", hash = "sha256:5d225db5a45f21e78dd9358e58a98702a0302f2659a3c6cd320564b75b86f47c"},
    {file = "PyYAML-6.0.2-cp311-cp311-manylinux_2_17_s390x.manylinux2014_s390x.whl", hash = "sha256:5ac9328ec4831237bec75defaf839f7d4564be1e6b25ac710bd1a96321cc8317"},
    {file = "PyYAML-6.0.2-cp311-cp311-manylinux_2_17_x86_64.manylinux2014_x86_64.whl", hash = "sha256:3ad2a3decf9aaba3d29c8f537ac4b243e36bef957511b4766cb0057d32b0be85"},
    {file = "PyYAML-6.0.2-cp311-cp311-musllinux_1_1_aarch64.whl", hash = "sha256:ff3824dc5261f50c9b0dfb3be22b4567a6f938ccce4587b38952d85fd9e9afe4"},
    {file = "PyYAML-6.0.2-cp311-cp311-musllinux_1_1_x86_64.whl", hash = "sha256:797b4f722ffa07cc8d62053e4cff1486fa6dc094105d13fea7b1de7d8bf71c9e"},
    {file = "PyYAML-6.0.2-cp311-cp311-win32.whl", hash = "sha256:11d8f3dd2b9c1207dcaf2ee0bbbfd5991f571186ec9cc78427ba5bd32afae4b5"},
    {file = "PyYAML-6.0.2-cp311-cp311-win_amd64.whl", hash = "sha256:e10ce637b18caea04431ce14fabcf5c64a1c61ec9c56b071a4b7ca131ca52d44"},
    {file = "PyYAML-6.0.2-cp312-cp312-macosx_10_9_x86_64.whl", hash = "sha256:c70c95198c015b85feafc136515252a261a84561b7b1d51e3384e0655ddf25ab"},
    {file = "PyYAML-6.0.2-cp312-cp312-macosx_11_0_arm64.whl", hash = "sha256:ce826d6ef20b1bc864f0a68340c8b3287705cae2f8b4b1d932177dcc76721725"},
    {file = "PyYAML-6.0.2-cp312-cp312-manylinux_2_17_aarch64.manylinux2014_aarch64.whl", hash = "sha256:1f71ea527786de97d1a0cc0eacd1defc0985dcf6b3f17bb77dcfc8c34bec4dc5"},
    {file = "PyYAML-6.0.2-cp312-cp312-manylinux_2_17_s390x.manylinux2014_s390x.whl", hash = "sha256:9b22676e8097e9e22e36d6b7bda33190d0d400f345f23d4065d48f4ca7ae0425"},
    {file = "PyYAML-6.0.2-cp312-cp312-manylinux_2_17_x86_64.manylinux2014_x86_64.whl", hash = "sha256:80bab7bfc629882493af4aa31a4cfa43a4c57c83813253626916b8c7ada83476"},
    {file = "PyYAML-6.0.2-cp312-cp312-musllinux_1_1_aarch64.whl", hash = "sha256:0833f8694549e586547b576dcfaba4a6b55b9e96098b36cdc7ebefe667dfed48"},
    {file = "PyYAML-6.0.2-cp312-cp312-musllinux_1_1_x86_64.whl", hash = "sha256:8b9c7197f7cb2738065c481a0461e50ad02f18c78cd75775628afb4d7137fb3b"},
    {file = "PyYAML-6.0.2-cp312-cp312-win32.whl", hash = "sha256:ef6107725bd54b262d6dedcc2af448a266975032bc85ef0172c5f059da6325b4"},
    {file = "PyYAML-6.0.2-cp312-cp312-win_amd64.whl", hash = "sha256:7e7401d0de89a9a855c839bc697c079a4af81cf878373abd7dc625847d25cbd8"},
    {file = "pyyaml-6.0.2.tar.gz", hash = "sha256:d584d9ec91ad65861cc08d42e834324ef890a082e591037abe114850ff7bbc3e"},
]

[[package]]
name = "scikit-learn"
version = "1.7.0"
requires_python = ">=3.10"
summary = "A set of python modules for machine learning and data mining"
groups = ["default"]
dependencies = [
    "joblib>=1.2.0",
    "numpy>=1.22.0",
    "scipy>=1.8.0",
    "threadpoolctl>=3.1.0",
]
files = [
    {file = "scikit_learn-1.7.0-cp311-cp311-macosx_10_9_x86_64.whl", hash = "sha256:8ef09b1615e1ad04dc0d0054ad50634514818a8eb3ee3dee99af3bffc0ef5007"},
    {file = "scikit_learn-1.7.0-cp311-cp311-macosx_12_0_arm64.whl", hash = "sha256:7d7240c7b19edf6ed93403f43b0fcb0fe95b53bc0b17821f8fb88edab97085ef"},
    {file = "scikit_learn-1.7.0-cp311-cp311-manylinux_2_17_aarch64.manylinux2014_aarch64.whl", hash = "sha256:80bd3bd4e95381efc47073a720d4cbab485fc483966f1709f1fd559afac57ab8"},
    {file = "scikit_learn-1.7.0-cp311-cp311-manylinux_2_17_x86_64.manylinux2014_x86_64.whl", hash = "sha256:9dbe48d69aa38ecfc5a6cda6c5df5abef0c0ebdb2468e92437e2053f84abb8bc"},
    {file = "scikit_learn-1.7.0-cp311-cp311-win_amd64.whl", hash = "sha256:8fa979313b2ffdfa049ed07252dc94038def3ecd49ea2a814db5401c07f1ecfa"},
    {file = "scikit_learn-1.7.0-cp312-cp312-macosx_10_13_x86_64.whl", hash = "sha256:c2c7243d34aaede0efca7a5a96d67fddaebb4ad7e14a70991b9abee9dc5c0379"},
    {file = "scikit_learn-1.7.0-cp312-cp312-macosx_12_0_arm64.whl", hash = "sha256:9f39f6a811bf3f15177b66c82cbe0d7b1ebad9f190737dcdef77cfca1ea3c19c"},
    {file = "scikit_learn-1.7.0-cp312-cp312-manylinux_2_17_aarch64.manylinux2014_aarch64.whl", hash = "sha256:63017a5f9a74963d24aac7590287149a8d0f1a0799bbe7173c0d8ba1523293c0"},
    {file = "scikit_learn-1.7.0-cp312-cp312-manylinux_2_17_x86_64.manylinux2014_x86_64.whl", hash = "sha256:0b2f8a0b1e73e9a08b7cc498bb2aeab36cdc1f571f8ab2b35c6e5d1c7115d97d"},
    {file = "scikit_learn-1.7.0-cp312-cp312-win_amd64.whl", hash = "sha256:34cc8d9d010d29fb2b7cbcd5ccc24ffdd80515f65fe9f1e4894ace36b267ce19"},
    {file = "scikit_learn-1.7.0.tar.gz", hash = "sha256:c01e869b15aec88e2cdb73d27f15bdbe03bce8e2fb43afbe77c45d399e73a5a3"},
]

[[package]]
name = "scipy"
version = "1.12.0"
requires_python = ">=3.9"
summary = "Fundamental algorithms for scientific computing in Python"
groups = ["default"]
dependencies = [
    "numpy<1.29.0,>=1.22.4",
]
files = [
    {file = "scipy-1.12.0-cp311-cp311-macosx_10_9_x86_64.whl", hash = "sha256:408c68423f9de16cb9e602528be4ce0d6312b05001f3de61fe9ec8b1263cad08"},
    {file = "scipy-1.12.0-cp311-cp311-macosx_12_0_arm64.whl", hash = "sha256:5adfad5dbf0163397beb4aca679187d24aec085343755fcdbdeb32b3679f254c"},
    {file = "scipy-1.12.0-cp311-cp311-manylinux_2_17_aarch64.manylinux2014_aarch64.whl", hash = "sha256:c3003652496f6e7c387b1cf63f4bb720951cfa18907e998ea551e6de51a04467"},
    {file = "scipy-1.12.0-cp311-cp311-manylinux_2_17_x86_64.manylinux2014_x86_64.whl", hash = "sha256:8b8066bce124ee5531d12a74b617d9ac0ea59245246410e19bca549656d9a40a"},
    {file = "scipy-1.12.0-cp311-cp311-musllinux_1_1_x86_64.whl", hash = "sha256:8bee4993817e204d761dba10dbab0774ba5a8612e57e81319ea04d84945375ba"},
    {file = "scipy-1.12.0-cp311-cp311-win_amd64.whl", hash = "sha256:a24024d45ce9a675c1fb8494e8e5244efea1c7a09c60beb1eeb80373d0fecc70"},
    {file = "scipy-1.12.0-cp312-cp312-macosx_10_9_x86_64.whl", hash = "sha256:e7e76cc48638228212c747ada851ef355c2bb5e7f939e10952bc504c11f4e372"},
    {file = "scipy-1.12.0-cp312-cp312-macosx_12_0_arm64.whl", hash = "sha256:f7ce148dffcd64ade37b2df9315541f9adad6efcaa86866ee7dd5db0c8f041c3"},
    {file = "scipy-1.12.0-cp312-cp312-manylinux_2_17_aarch64.manylinux2014_aarch64.whl", hash = "sha256:9c39f92041f490422924dfdb782527a4abddf4707616e07b021de33467f917bc"},
    {file = "scipy-1.12.0-cp312-cp312-manylinux_2_17_x86_64.manylinux2014_x86_64.whl", hash = "sha256:a7ebda398f86e56178c2fa94cad15bf457a218a54a35c2a7b4490b9f9cb2676c"},
    {file = "scipy-1.12.0-cp312-cp312-musllinux_1_1_x86_64.whl", hash = "sha256:95e5c750d55cf518c398a8240571b0e0782c2d5a703250872f36eaf737751338"},
    {file = "scipy-1.12.0-cp312-cp312-win_amd64.whl", hash = "sha256:e646d8571804a304e1da01040d21577685ce8e2db08ac58e543eaca063453e1c"},
    {file = "scipy-1.12.0.tar.gz", hash = "sha256:4bf5abab8a36d20193c698b0f1fc282c1d083c94723902c447e5d2f1780936a3"},
]

[[package]]
name = "setuptools"
version = "80.9.0"
requires_python = ">=3.9"
summary = "Easily download, build, install, upgrade, and uninstall Python packages"
groups = ["default"]
marker = "python_version >= \"3.12\""
files = [
    {file = "setuptools-80.9.0-py3-none-any.whl", hash = "sha256:062d34222ad13e0cc312a4c02d73f059e86a4acbfbdea8f8f76b28c99f306922"},
    {file = "setuptools-80.9.0.tar.gz", hash = "sha256:f36b47402ecde768dbfafc46e8e4207b4360c654f1f3bb84475f0a28628fb19c"},
]

[[package]]
name = "six"
version = "1.17.0"
requires_python = "!=3.0.*,!=3.1.*,!=3.2.*,>=2.7"
summary = "Python 2 and 3 compatibility utilities"
groups = ["default"]
files = [
    {file = "six-1.17.0-py2.py3-none-any.whl", hash = "sha256:4721f391ed90541fddacab5acf947aa0d3dc7d27b2e1e8eda2be8970586c3274"},
    {file = "six-1.17.0.tar.gz", hash = "sha256:ff70335d468e7eb6ec65b95b99d3a2836546063f63acc5171de367e834932a81"},
]

[[package]]
name = "tensorflow-probability"
version = "0.20.1"
requires_python = ">=3.8"
summary = "Probabilistic modeling and statistical inference in TensorFlow"
groups = ["default"]
dependencies = [
    "absl-py",
    "cloudpickle>=1.3",
    "decorator",
    "dm-tree",
    "gast>=0.3.2",
    "numpy>=1.13.3",
    "six>=1.10.0",
]
files = [
    {file = "tensorflow_probability-0.20.1-py2.py3-none-any.whl", hash = "sha256:fc10597d2b1a26ecdfae2086307944dd7f1082a0e8a2f615b56c1f0121a7763d"},
]

[[package]]
name = "tensorflow-probability"
version = "0.20.1"
extras = ["jax"]
requires_python = ">=3.8"
summary = "Probabilistic modeling and statistical inference in TensorFlow"
groups = ["default"]
dependencies = [
    "jax",
    "jaxlib",
    "tensorflow-probability==0.20.1",
]
files = [
    {file = "tensorflow_probability-0.20.1-py2.py3-none-any.whl", hash = "sha256:fc10597d2b1a26ecdfae2086307944dd7f1082a0e8a2f615b56c1f0121a7763d"},
]

[[package]]
name = "threadpoolctl"
version = "3.6.0"
requires_python = ">=3.9"
summary = "threadpoolctl"
groups = ["default"]
files = [
    {file = "threadpoolctl-3.6.0-py3-none-any.whl", hash = "sha256:43a0b8fd5a2928500110039e43a5eed8480b918967083ea48dc3ab9f13c4a7fb"},
    {file = "threadpoolctl-3.6.0.tar.gz", hash = "sha256:8ab8b4aa3491d812b623328249fab5302a68d2d71745c8a4c719a2fcaba9f44e"},
]

[[package]]
name = "toolz"
version = "1.0.0"
requires_python = ">=3.8"
summary = "List processing tools and functional utilities"
groups = ["default"]
files = [
    {file = "toolz-1.0.0-py3-none-any.whl", hash = "sha256:292c8f1c4e7516bf9086f8850935c799a874039c8bcf959d47b600e4c44a6236"},
    {file = "toolz-1.0.0.tar.gz", hash = "sha256:2c86e3d9a04798ac556793bced838816296a2f085017664e4995cb40a1047a02"},
]

[[package]]
name = "tqdm"
version = "4.67.1"
requires_python = ">=3.7"
summary = "Fast, Extensible Progress Meter"
groups = ["default"]
dependencies = [
    "colorama; platform_system == \"Windows\"",
]
files = [
    {file = "tqdm-4.67.1-py3-none-any.whl", hash = "sha256:26445eca388f82e72884e0d580d5464cd801a3ea01e63e5601bdff9ba6a48de2"},
    {file = "tqdm-4.67.1.tar.gz", hash = "sha256:f8aef9c52c08c13a65f30ea34f4e5aac3fd1a34959879d7e59e63027286627f2"},
]

[[package]]
name = "typing-extensions"
version = "4.14.1"
requires_python = ">=3.9"
summary = "Backported and Experimental Type Hints for Python 3.9+"
groups = ["default"]
files = [
    {file = "typing_extensions-4.14.1-py3-none-any.whl", hash = "sha256:d1e1e3b58374dc93031d6eda2420a48ea44a36c2b4766a4fdeb3710755731d76"},
    {file = "typing_extensions-4.14.1.tar.gz", hash = "sha256:38b39f4aeeab64884ce9f74c94263ef78f3c22467c8724005483154c26648d36"},
]

[[package]]
name = "tzdata"
version = "2025.2"
requires_python = ">=2"
summary = "Provider of IANA time zone data"
groups = ["default"]
files = [
    {file = "tzdata-2025.2-py2.py3-none-any.whl", hash = "sha256:1a403fada01ff9221ca8044d701868fa132215d84beb92242d9acd2147f667a8"},
    {file = "tzdata-2025.2.tar.gz", hash = "sha256:b60a638fcc0daffadf82fe0f57e53d06bdec2f36c4df66280ae79bce6bd6f2b9"},
]

[[package]]
name = "wadler-lindig"
version = "0.1.7"
requires_python = ">=3.10"
summary = "A Wadler–Lindig pretty-printer for Python."
groups = ["default"]
files = [
    {file = "wadler_lindig-0.1.7-py3-none-any.whl", hash = "sha256:e3ec83835570fd0a9509f969162aeb9c65618f998b1f42918cfc8d45122fe953"},
    {file = "wadler_lindig-0.1.7.tar.gz", hash = "sha256:81d14d3fe77d441acf3ebd7f4aefac20c74128bf460e84b512806dccf7b2cd55"},
]

[[package]]
name = "wrapt"
version = "1.17.2"
requires_python = ">=3.8"
summary = "Module for decorators, wrappers and monkey patching."
groups = ["default"]
files = [
    {file = "wrapt-1.17.2-cp311-cp311-macosx_10_9_universal2.whl", hash = "sha256:ff04ef6eec3eee8a5efef2401495967a916feaa353643defcc03fc74fe213b58"},
    {file = "wrapt-1.17.2-cp311-cp311-macosx_10_9_x86_64.whl", hash = "sha256:4db983e7bca53819efdbd64590ee96c9213894272c776966ca6306b73e4affda"},
    {file = "wrapt-1.17.2-cp311-cp311-macosx_11_0_arm64.whl", hash = "sha256:9abc77a4ce4c6f2a3168ff34b1da9b0f311a8f1cfd694ec96b0603dff1c79438"},
    {file = "wrapt-1.17.2-cp311-cp311-manylinux_2_17_aarch64.manylinux2014_aarch64.whl", hash = "sha256:0b929ac182f5ace000d459c59c2c9c33047e20e935f8e39371fa6e3b85d56f4a"},
    {file = "wrapt-1.17.2-cp311-cp311-manylinux_2_5_i686.manylinux1_i686.manylinux_2_17_i686.manylinux2014_i686.whl", hash = "sha256:f09b286faeff3c750a879d336fb6d8713206fc97af3adc14def0cdd349df6000"},
    {file = "wrapt-1.17.2-cp311-cp311-manylinux_2_5_x86_64.manylinux1_x86_64.manylinux_2_17_x86_64.manylinux2014_x86_64.whl", hash = "sha256:1a7ed2d9d039bd41e889f6fb9364554052ca21ce823580f6a07c4ec245c1f5d6"},
    {file = "wrapt-1.17.2-cp311-cp311-musllinux_1_2_aarch64.whl", hash = "sha256:129a150f5c445165ff941fc02ee27df65940fcb8a22a61828b1853c98763a64b"},
    {file = "wrapt-1.17.2-cp311-cp311-musllinux_1_2_i686.whl", hash = "sha256:1fb5699e4464afe5c7e65fa51d4f99e0b2eadcc176e4aa33600a3df7801d6662"},
    {file = "wrapt-1.17.2-cp311-cp311-musllinux_1_2_x86_64.whl", hash = "sha256:9a2bce789a5ea90e51a02dfcc39e31b7f1e662bc3317979aa7e5538e3a034f72"},
    {file = "wrapt-1.17.2-cp311-cp311-win32.whl", hash = "sha256:4afd5814270fdf6380616b321fd31435a462019d834f83c8611a0ce7484c7317"},
    {file = "wrapt-1.17.2-cp311-cp311-win_amd64.whl", hash = "sha256:acc130bc0375999da18e3d19e5a86403667ac0c4042a094fefb7eec8ebac7cf3"},
    {file = "wrapt-1.17.2-cp312-cp312-macosx_10_13_universal2.whl", hash = "sha256:d5e2439eecc762cd85e7bd37161d4714aa03a33c5ba884e26c81559817ca0925"},
    {file = "wrapt-1.17.2-cp312-cp312-macosx_10_13_x86_64.whl", hash = "sha256:3fc7cb4c1c744f8c05cd5f9438a3caa6ab94ce8344e952d7c45a8ed59dd88392"},
    {file = "wrapt-1.17.2-cp312-cp312-macosx_11_0_arm64.whl", hash = "sha256:8fdbdb757d5390f7c675e558fd3186d590973244fab0c5fe63d373ade3e99d40"},
    {file = "wrapt-1.17.2-cp312-cp312-manylinux_2_17_aarch64.manylinux2014_aarch64.whl", hash = "sha256:5bb1d0dbf99411f3d871deb6faa9aabb9d4e744d67dcaaa05399af89d847a91d"},
    {file = "wrapt-1.17.2-cp312-cp312-manylinux_2_5_i686.manylinux1_i686.manylinux_2_17_i686.manylinux2014_i686.whl", hash = "sha256:d18a4865f46b8579d44e4fe1e2bcbc6472ad83d98e22a26c963d46e4c125ef0b"},
    {file = "wrapt-1.17.2-cp312-cp312-manylinux_2_5_x86_64.manylinux1_x86_64.manylinux_2_17_x86_64.manylinux2014_x86_64.whl", hash = "sha256:bc570b5f14a79734437cb7b0500376b6b791153314986074486e0b0fa8d71d98"},
    {file = "wrapt-1.17.2-cp312-cp312-musllinux_1_2_aarch64.whl", hash = "sha256:6d9187b01bebc3875bac9b087948a2bccefe464a7d8f627cf6e48b1bbae30f82"},
    {file = "wrapt-1.17.2-cp312-cp312-musllinux_1_2_i686.whl", hash = "sha256:9e8659775f1adf02eb1e6f109751268e493c73716ca5761f8acb695e52a756ae"},
    {file = "wrapt-1.17.2-cp312-cp312-musllinux_1_2_x86_64.whl", hash = "sha256:e8b2816ebef96d83657b56306152a93909a83f23994f4b30ad4573b00bd11bb9"},
    {file = "wrapt-1.17.2-cp312-cp312-win32.whl", hash = "sha256:468090021f391fe0056ad3e807e3d9034e0fd01adcd3bdfba977b6fdf4213ea9"},
    {file = "wrapt-1.17.2-cp312-cp312-win_amd64.whl", hash = "sha256:ec89ed91f2fa8e3f52ae53cd3cf640d6feff92ba90d62236a81e4e563ac0e991"},
    {file = "wrapt-1.17.2-py3-none-any.whl", hash = "sha256:b18f2d1533a71f069c7f82d524a52599053d4c7166e9dd374ae2136b7f40f7c8"},
    {file = "wrapt-1.17.2.tar.gz", hash = "sha256:41388e9d4d1522446fe79d3213196bd9e3b301a336965b9e27ca2788ebd122f3"},
]
